
Microsoft Visual Studio Solution File, Format Version 12.00
# Visual Studio 2015
Project("{FAE04EC0-301F-11D3-BF4B-00C04F79EFBC}") = "AStarPathFinding", "AStarPathFinding.csproj", "{97486D1B-E431-F1B5-754B-E67FD3DABA82}"
EndProject
Global
	GlobalSection(SolutionConfigurationPlatforms) = preSolution
		Debug|Any CPU = Debug|Any CPU
		Release|Any CPU = Release|Any CPU
	EndGlobalSection
	GlobalSection(ProjectConfigurationPlatforms) = postSolution
		{97486D1B-E431-F1B5-754B-E67FD3DABA82}.Debug|Any CPU.ActiveCfg = Debug|Any CPU
		{97486D1B-E431-F1B5-754B-E67FD3DABA82}.Debug|Any CPU.Build.0 = Debug|Any CPU
		{97486D1B-E431-F1B5-754B-E67FD3DABA82}.Release|Any CPU.ActiveCfg = Release|Any CPU
		{97486D1B-E431-F1B5-754B-E67FD3DABA82}.Release|Any CPU.Build.0 = Release|Any CPU
	EndGlobalSection
	GlobalSection(SolutionProperties) = preSolution
		HideSolutionNode = FALSE
	EndGlobalSection
EndGlobal
